
Microsoft Visual Studio Solution File, Format Version 11.00
# Visual Studio 2010
Project("{FAE04EC0-301F-11D3-BF4B-00C04F79EFBC}") = "MoneyHandler", "MoneyHandler\MoneyHandler.csproj", "{34A61934-15F1-4DDE-B006-092FCD4E766E}"
EndProject
Project("{FAE04EC0-301F-11D3-BF4B-00C04F79EFBC}") = "MoneyHandler.Example", "MoneyHandler.Example\MoneyHandler.Example.csproj", "{D28A3D84-2615-4387-A947-7C829B084D68}"
EndProject
Project("{FAE04EC0-301F-11D3-BF4B-00C04F79EFBC}") = "MoneyHandler.Tests", "MoneyHandler.Tests\MoneyHandler.Tests.csproj", "{45201525-A4D3-4D84-AD00-9857D1D57C74}"
EndProject
Project("{FAE04EC0-301F-11D3-BF4B-00C04F79EFBC}") = "MoneyHandler.NET4", "MoneyHandler.NET4\MoneyHandler.NET4.csproj", "{6B1D7B73-031F-4B00-A7A4-C82B2D53CB5B}"
EndProject
Global
	GlobalSection(SolutionConfigurationPlatforms) = preSolution
		Debug|Any CPU = Debug|Any CPU
		Release|Any CPU = Release|Any CPU
	EndGlobalSection
	GlobalSection(ProjectConfigurationPlatforms) = postSolution
		{34A61934-15F1-4DDE-B006-092FCD4E766E}.Debug|Any CPU.ActiveCfg = Debug|Any CPU
		{34A61934-15F1-4DDE-B006-092FCD4E766E}.Debug|Any CPU.Build.0 = Debug|Any CPU
		{34A61934-15F1-4DDE-B006-092FCD4E766E}.Release|Any CPU.ActiveCfg = Release|Any CPU
		{34A61934-15F1-4DDE-B006-092FCD4E766E}.Release|Any CPU.Build.0 = Release|Any CPU
		{D28A3D84-2615-4387-A947-7C829B084D68}.Debug|Any CPU.ActiveCfg = Debug|Any CPU
		{D28A3D84-2615-4387-A947-7C829B084D68}.Debug|Any CPU.Build.0 = Debug|Any CPU
		{D28A3D84-2615-4387-A947-7C829B084D68}.Release|Any CPU.ActiveCfg = Release|Any CPU
		{D28A3D84-2615-4387-A947-7C829B084D68}.Release|Any CPU.Build.0 = Release|Any CPU
		{45201525-A4D3-4D84-AD00-9857D1D57C74}.Debug|Any CPU.ActiveCfg = Debug|Any CPU
		{45201525-A4D3-4D84-AD00-9857D1D57C74}.Debug|Any CPU.Build.0 = Debug|Any CPU
		{45201525-A4D3-4D84-AD00-9857D1D57C74}.Release|Any CPU.ActiveCfg = Release|Any CPU
		{45201525-A4D3-4D84-AD00-9857D1D57C74}.Release|Any CPU.Build.0 = Release|Any CPU
		{6B1D7B73-031F-4B00-A7A4-C82B2D53CB5B}.Debug|Any CPU.ActiveCfg = Debug|Any CPU
		{6B1D7B73-031F-4B00-A7A4-C82B2D53CB5B}.Debug|Any CPU.Build.0 = Debug|Any CPU
		{6B1D7B73-031F-4B00-A7A4-C82B2D53CB5B}.Release|Any CPU.ActiveCfg = Release|Any CPU
		{6B1D7B73-031F-4B00-A7A4-C82B2D53CB5B}.Release|Any CPU.Build.0 = Release|Any CPU
	EndGlobalSection
	GlobalSection(SolutionProperties) = preSolution
		HideSolutionNode = FALSE
	EndGlobalSection
EndGlobal
